
Microsoft Visual Studio Solution File, Format Version 12.00
# Visual Studio Version 16
VisualStudioVersion = 16.0.31729.503
MinimumVisualStudioVersion = 10.0.40219.1
Project("{FAE04EC0-301F-11D3-BF4B-00C04F79EFBC}") = "Personel-islemleri__", "Personel-islemleri__\Personel-islemleri__.csproj", "{89A80AC5-D0DB-4C8E-883D-0BA4D1362912}"
EndProject
Global
	GlobalSection(SolutionConfigurationPlatforms) = preSolution
		Debug|Any CPU = Debug|Any CPU
		Release|Any CPU = Release|Any CPU
	EndGlobalSection
	GlobalSection(ProjectConfigurationPlatforms) = postSolution
		{89A80AC5-D0DB-4C8E-883D-0BA4D1362912}.Debug|Any CPU.ActiveCfg = Debug|Any CPU
		{89A80AC5-D0DB-4C8E-883D-0BA4D1362912}.Debug|Any CPU.Build.0 = Debug|Any CPU
		{89A80AC5-D0DB-4C8E-883D-0BA4D1362912}.Release|Any CPU.ActiveCfg = Release|Any CPU
		{89A80AC5-D0DB-4C8E-883D-0BA4D1362912}.Release|Any CPU.Build.0 = Release|Any CPU
	EndGlobalSection
	GlobalSection(SolutionProperties) = preSolution
		HideSolutionNode = FALSE
	EndGlobalSection
	GlobalSection(ExtensibilityGlobals) = postSolution
		SolutionGuid = {A30647A6-1098-4629-B114-52EF2D26A871}
	EndGlobalSection
EndGlobal
